{
  "name": "bolt4github",
  "version": "1.0.0",
  "lockfileVersion": 1,
  "requires": true,
  "dependencies": {
    "validator": {
      "version": "1.5.1",
      "resolved": "http://registry.npmjs.org/validator/-/validator-1.5.1.tgz",
      "integrity": "sha1-erNWy7y7sACrhcQ7jNoSYhsTRMA="
    }
  }
}
